// !$*UTF8*$!
{
	archiveVersion = 1;
	classes = {
	};
	objectVersion = 46;
	objects = {

/* Begin PBXBuildFile section */
		2B9976171CB216C000DB779D /* AppDelegate.swift in Sources */ = {isa = PBXBuildFile; fileRef = 2B9976161CB216C000DB779D /* AppDelegate.swift */; };
		2B9976191CB216C000DB779D /* ViewController.swift in Sources */ = {isa = PBXBuildFile; fileRef = 2B9976181CB216C000DB779D /* ViewController.swift */; };
		2B99761C1CB216C000DB779D /* Main.storyboard in Resources */ = {isa = PBXBuildFile; fileRef = 2B99761A1CB216C000DB779D /* Main.storyboard */; };
		2B99761E1CB216C000DB779D /* Assets.xcassets in Resources */ = {isa = PBXBuildFile; fileRef = 2B99761D1CB216C000DB779D /* Assets.xcassets */; };
		2B9976211CB216C000DB779D /* LaunchScreen.storyboard in Resources */ = {isa = PBXBuildFile; fileRef = 2B99761F1CB216C000DB779D /* LaunchScreen.storyboard */; };
		2B99762C1CB216C000DB779D /* MemeMeJulzTests.swift in Sources */ = {isa = PBXBuildFile; fileRef = 2B99762B1CB216C000DB779D /* MemeMeJulzTests.swift */; };
/* End PBXBuildFile section */

/* Begin PBXContainerItemProxy section */
		2B9976281CB216C000DB779D /* PBXContainerItemProxy */ = {
			isa = PBXContainerItemProxy;
			containerPortal = 2B99760B1CB216C000DB779D /* Project object */;
			proxyType = 1;
			remoteGlobalIDString = 2B9976121CB216C000DB779D;
			remoteInfo = MemeMeJulz;
		};
/* End PBXContainerItemProxy section */

/* Begin PBXFileReference section */
		2B9976131CB216C000DB779D /* MemeMeJulz.app */ = {isa = PBXFileReference; explicitFileType = wrapper.application; includeInIndex = 0; path = MemeMeJulz.app; sourceTree = BUILT_PRODUCTS_DIR; };
		2B9976161CB216C000DB779D /* AppDelegate.swift */ = {isa = PBXFileReference; lastKnownFileType = sourcecode.swift; path = AppDelegate.swift; sourceTree = "<group>"; };
		2B9976181CB216C000DB779D /* ViewController.swift */ = {isa = PBXFileReference; lastKnownFileType = sourcecode.swift; path = ViewController.swift; sourceTree = "<group>"; };
		2B99761B1CB216C000DB779D /* Base */ = {isa = PBXFileReference; lastKnownFileType = file.storyboard; name = Base; path = Base.lproj/Main.storyboard; sourceTree = "<group>"; };
		2B99761D1CB216C000DB779D /* Assets.xcassets */ = {isa = PBXFileReference; lastKnownFileType = folder.assetcatalog; path = Assets.xcassets; sourceTree = "<group>"; };
		2B9976201CB216C000DB779D /* Base */ = {isa = PBXFileReference; lastKnownFileType = file.storyboard; name = Base; path = Base.lproj/LaunchScreen.storyboard; sourceTree = "<group>"; };
		2B9976221CB216C000DB779D /* Info.plist */ = {isa = PBXFileReference; lastKnownFileType = text.plist.xml; path = Info.plist; sourceTree = "<group>"; };
		2B9976271CB216C000DB779D /* MemeMeJulzTests.xctest */ = {isa = PBXFileReference; explicitFileType = wrapper.cfbundle; includeInIndex = 0; path = MemeMeJulzTests.xctest; sourceTree = BUILT_PRODUCTS_DIR; };
		2B99762B1CB216C000DB779D /* MemeMeJulzTests.swift */ = {isa = PBXFileReference; lastKnownFileType = sourcecode.swift; path = MemeMeJulzTests.swift; sourceTree = "<group>"; };
		2B99762D1CB216C000DB779D /* Info.plist */ = {isa = PBXFileReference; lastKnownFileType = text.plist.xml; path = Info.plist; sourceTree = "<group>"; };
/* End PBXFileReference section */

/* Begin PBXFrameworksBuildPhase section */
		2B9976101CB216C000DB779D /* Frameworks */ = {
			isa = PBXFrameworksBuildPhase;
			buildActionMask = 2147483647;
			files = (
			);
			runOnlyForDeploymentPostprocessing = 0;
		};
		2B9976241CB216C000DB779D /* Frameworks */ = {
			isa = PBXFrameworksBuildPhase;
			buildActionMask = 2147483647;
			files = (
			);
			runOnlyForDeploymentPostprocessing = 0;
		};
/* End PBXFrameworksBuildPhase section */

/* Begin PBXGroup section */
		2B99760A1CB216C000DB779D = {
			isa = PBXGroup;
			children = (
				2B9976151CB216C000DB779D /* MemeMeJulz */,
				2B99762A1CB216C000DB779D /* MemeMeJulzTests */,
				2B9976141CB216C000DB779D /* Products */,
			);
			sourceTree = "<group>";
		};
		2B9976141CB216C000DB779D /* Products */ = {
			isa = PBXGroup;
			children = (
				2B9976131CB216C000DB779D /* MemeMeJulz.app */,
				2B9976271CB216C000DB779D /* MemeMeJulzTests.xctest */,
			);
			name = Products;
			sourceTree = "<group>";
		};
		2B9976151CB216C000DB779D /* MemeMeJulz */ = {
			isa = PBXGroup;
			children = (
				2B9976161CB216C000DB779D /* AppDelegate.swift */,
				2B9976181CB216C000DB779D /* ViewController.swift */,
				2B99761A1CB216C000DB779D /* Main.storyboard */,
				2B99761D1CB216C000DB779D /* Assets.xcassets */,
				2B99761F1CB216C000DB779D /* LaunchScreen.storyboard */,
				2B9976221CB216C000DB779D /* Info.plist */,
			);
			path = MemeMeJulz;
			sourceTree = "<group>";
		};
		2B99762A1CB216C000DB779D /* MemeMeJulzTests */ = {
			isa = PBXGroup;
			children = (
				2B99762B1CB216C000DB779D /* MemeMeJulzTests.swift */,
				2B99762D1CB216C000DB779D /* Info.plist */,
			);
			path = MemeMeJulzTests;
			sourceTree = "<group>";
		};
/* End PBXGroup section */

/* Begin PBXNativeTarget section */
		2B9976121CB216C000DB779D /* MemeMeJulz */ = {
			isa = PBXNativeTarget;
			buildConfigurationList = 2B9976301CB216C000DB779D /* Build configuration list for PBXNativeTarget "MemeMeJulz" */;
			buildPhases = (
				2B99760F1CB216C000DB779D /* Sources */,
				2B9976101CB216C000DB779D /* Frameworks */,
				2B9976111CB216C000DB779D /* Resources */,
			);
			buildRules = (
			);
			dependencies = (
			);
			name = MemeMeJulz;
			productName = MemeMeJulz;
			productReference = 2B9976131CB216C000DB779D /* MemeMeJulz.app */;
			productType = "com.apple.product-type.application";
		};
		2B9976261CB216C000DB779D /* MemeMeJulzTests */ = {
			isa = PBXNativeTarget;
			buildConfigurationList = 2B9976331CB216C000DB779D /* Build configuration list for PBXNativeTarget "MemeMeJulzTests" */;
			buildPhases = (
				2B9976231CB216C000DB779D /* Sources */,
				2B9976241CB216C000DB779D /* Frameworks */,
				2B9976251CB216C000DB779D /* Resources */,
			);
			buildRules = (
			);
			dependencies = (
				2B9976291CB216C000DB779D /* PBXTargetDependency */,
			);
			name = MemeMeJulzTests;
			productName = MemeMeJulzTests;
			productReference = 2B9976271CB216C000DB779D /* MemeMeJulzTests.xctest */;
			productType = "com.apple.product-type.bundle.unit-test";
		};
/* End PBXNativeTarget section */

/* Begin PBXProject section */
		2B99760B1CB216C000DB779D /* Project object */ = {
			isa = PBXProject;
			attributes = {
				LastSwiftUpdateCheck = 0730;
				LastUpgradeCheck = 0730;
				ORGANIZATIONNAME = "Julian Scharf";
				TargetAttributes = {
					2B9976121CB216C000DB779D = {
						CreatedOnToolsVersion = 7.3;
						DevelopmentTeam = 32XXXP7QP9;
					};
					2B9976261CB216C000DB779D = {
						CreatedOnToolsVersion = 7.3;
						DevelopmentTeam = 32XXXP7QP9;
						TestTargetID = 2B9976121CB216C000DB779D;
					};
				};
			};
			buildConfigurationList = 2B99760E1CB216C000DB779D /* Build configuration list for PBXProject "MemeMeJulz" */;
			compatibilityVersion = "Xcode 3.2";
			developmentRegion = English;
			hasScannedForEncodings = 0;
			knownRegions = (
				en,
				Base,
			);
			mainGroup = 2B99760A1CB216C000DB779D;
			productRefGroup = 2B9976141CB216C000DB779D /* Products */;
			projectDirPath = "";
			projectRoot = "";
			targets = (
				2B9976121CB216C000DB779D /* MemeMeJulz */,
				2B9976261CB216C000DB779D /* MemeMeJulzTests */,
			);
		};
/* End PBXProject section */

/* Begin PBXResourcesBuildPhase section */
		2B9976111CB216C000DB779D /* Resources */ = {
			isa = PBXResourcesBuildPhase;
			buildActionMask = 2147483647;
			files = (
				2B9976211CB216C000DB779D /* LaunchScreen.storyboard in Resources */,
				2B99761E1CB216C000DB779D /* Assets.xcassets in Resources */,
				2B99761C1CB216C000DB779D /* Main.storyboard in Resources */,
			);
			runOnlyForDeploymentPostprocessing = 0;
		};
		2B9976251CB216C000DB779D /* Resources */ = {
			isa = PBXResourcesBuildPhase;
			buildActionMask = 2147483647;
			files = (
			);
			runOnlyForDeploymentPostprocessing = 0;
		};
/* End PBXResourcesBuildPhase section */

/* Begin PBXSourcesBuildPhase section */
		2B99760F1CB216C000DB779D /* Sources */ = {
			isa = PBXSourcesBuildPhase;
			buildActionMask = 2147483647;
			files = (
				2B9976191CB216C000DB779D /* ViewController.swift in Sources */,
				2B9976171CB216C000DB779D /* AppDelegate.swift in Sources */,
			);
			runOnlyForDeploymentPostprocessing = 0;
		};
		2B9976231CB216C000DB779D /* Sources */ = {
			isa = PBXSourcesBuildPhase;
			buildActionMask = 2147483647;
			files = (
				2B99762C1CB216C000DB779D /* MemeMeJulzTests.swift in Sources */,
			);
			runOnlyForDeploymentPostprocessing = 0;
		};
/* End PBXSourcesBuildPhase section */

/* Begin PBXTargetDependency section */
		2B9976291CB216C000DB779D /* PBXTargetDependency */ = {
			isa = PBXTargetDependency;
			target = 2B9976121CB216C000DB779D /* MemeMeJulz */;
			targetProxy = 2B9976281CB216C000DB779D /* PBXContainerItemProxy */;
		};
/* End PBXTargetDependency section */

/* Begin PBXVariantGroup section */
		2B99761A1CB216C000DB779D /* Main.storyboard */ = {
			isa = PBXVariantGroup;
			children = (
				2B99761B1CB216C000DB779D /* Base */,
			);
			name = Main.storyboard;
			sourceTree = "<group>";
		};
		2B99761F1CB216C000DB779D /* LaunchScreen.storyboard */ = {
			isa = PBXVariantGroup;
			children = (
				2B9976201CB216C000DB779D /* Base */,
			);
			name = LaunchScreen.storyboard;
			sourceTree = "<group>";
		};
/* End PBXVariantGroup section */

/* Begin XCBuildConfiguration section */
		2B99762E1CB216C000DB779D /* Debug */ = {
			isa = XCBuildConfiguration;
			buildSettings = {
				ALWAYS_SEARCH_USER_PATHS = NO;
				CLANG_ANALYZER_NONNULL = YES;
				CLANG_CXX_LANGUAGE_STANDARD = "gnu++0x";
				CLANG_CXX_LIBRARY = "libc++";
				CLANG_ENABLE_MODULES = YES;
				CLANG_ENABLE_OBJC_ARC = YES;
				CLANG_WARN_BOOL_CONVERSION = YES;
				CLANG_WARN_CONSTANT_CONVERSION = YES;
				CLANG_WARN_DIRECT_OBJC_ISA_USAGE = YES_ERROR;
				CLANG_WARN_EMPTY_BODY = YES;
				CLANG_WARN_ENUM_CONVERSION = YES;
				CLANG_WARN_INT_CONVERSION = YES;
				CLANG_WARN_OBJC_ROOT_CLASS = YES_ERROR;
				CLANG_WARN_UNREACHABLE_CODE = YES;
				CLANG_WARN__DUPLICATE_METHOD_MATCH = YES;
				"CODE_SIGN_IDENTITY[sdk=iphoneos*]" = "iPhone Developer";
				COPY_PHASE_STRIP = NO;
				DEBUG_INFORMATION_FORMAT = dwarf;
				ENABLE_STRICT_OBJC_MSGSEND = YES;
				ENABLE_TESTABILITY = YES;
				GCC_C_LANGUAGE_STANDARD = gnu99;
				GCC_DYNAMIC_NO_PIC = NO;
				GCC_NO_COMMON_BLOCKS = YES;
				GCC_OPTIMIZATION_LEVEL = 0;
				GCC_PREPROCESSOR_DEFINITIONS = (
					"DEBUG=1",
					"$(inherited)",
				);
				GCC_WARN_64_TO_32_BIT_CONVERSION = YES;
				GCC_WARN_ABOUT_RETURN_TYPE = YES_ERROR;
				GCC_WARN_UNDECLARED_SELECTOR = YES;
				GCC_WARN_UNINITIALIZED_AUTOS = YES_AGGRESSIVE;
				GCC_WARN_UNUSED_FUNCTION = YES;
				GCC_WARN_UNUSED_VARIABLE = YES;
				IPHONEOS_DEPLOYMENT_TARGET = 9.3;
				MTL_ENABLE_DEBUG_INFO = YES;
				ONLY_ACTIVE_ARCH = YES;
				SDKROOT = iphoneos;
				SWIFT_OPTIMIZATION_LEVEL = "-Onone";
			};
			name = Debug;
		};
		2B99762F1CB216C000DB779D /* Release */ = {
			isa = XCBuildConfiguration;
			buildSettings = {
				ALWAYS_SEARCH_USER_PATHS = NO;
				CLANG_ANALYZER_NONNULL = YES;
				CLANG_CXX_LANGUAGE_STANDARD = "gnu++0x";
				CLANG_CXX_LIBRARY = "libc++";
				CLANG_ENABLE_MODULES = YES;
				CLANG_ENABLE_OBJC_ARC = YES;
				CLANG_WARN_BOOL_CONVERSION = YES;
				CLANG_WARN_CONSTANT_CONVERSION = YES;
				CLANG_WARN_DIRECT_OBJC_ISA_USAGE = YES_ERROR;
				CLANG_WARN_EMPTY_BODY = YES;
				CLANG_WARN_ENUM_CONVERSION = YES;
				CLANG_WARN_INT_CONVERSION = YES;
				CLANG_WARN_OBJC_ROOT_CLASS = YES_ERROR;
				CLANG_WARN_UNREACHABLE_CODE = YES;
				CLANG_WARN__DUPLICATE_METHOD_MATCH = YES;
				"CODE_SIGN_IDENTITY[sdk=iphoneos*]" = "iPhone Developer";
				COPY_PHASE_STRIP = NO;
				DEBUG_INFORMATION_FORMAT = "dwarf-with-dsym";
				ENABLE_NS_ASSERTIONS = NO;
				ENABLE_STRICT_OBJC_MSGSEND = YES;
				GCC_C_LANGUAGE_STANDARD = gnu99;
				GCC_NO_COMMON_BLOCKS = YES;
				GCC_WARN_64_TO_32_BIT_CONVERSION = YES;
				GCC_WARN_ABOUT_RETURN_TYPE = YES_ERROR;
				GCC_WARN_UNDECLARED_SELECTOR = YES;
				GCC_WARN_UNINITIALIZED_AUTOS = YES_AGGRESSIVE;
				GCC_WARN_UNUSED_FUNCTION = YES;
				GCC_WARN_UNUSED_VARIABLE = YES;
				IPHONEOS_DEPLOYMENT_TARGET = 9.3;
				MTL_ENABLE_DEBUG_INFO = NO;
				SDKROOT = iphoneos;
				VALIDATE_PRODUCT = YES;
			};
			name = Release;
		};
		2B9976311CB216C000DB779D /* Debug */ = {
			isa = XCBuildConfiguration;
			buildSettings = {
				ASSETCATALOG_COMPILER_APPICON_NAME = AppIcon;
				INFOPLIST_FILE = MemeMeJulz/Info.plist;
				LD_RUNPATH_SEARCH_PATHS = "$(inherited) @executable_path/Frameworks";
				PRODUCT_BUNDLE_IDENTIFIER = com.julzelements.MemeMeJulz;
				PRODUCT_NAME = "$(TARGET_NAME)";
			};
			name = Debug;
		};
		2B9976321CB216C000DB779D /* Release */ = {
			isa = XCBuildConfiguration;
			buildSettings = {
				ASSETCATALOG_COMPILER_APPICON_NAME = AppIcon;
				INFOPLIST_FILE = MemeMeJulz/Info.plist;
				LD_RUNPATH_SEARCH_PATHS = "$(inherited) @executable_path/Frameworks";
				PRODUCT_BUNDLE_IDENTIFIER = com.julzelements.MemeMeJulz;
				PRODUCT_NAME = "$(TARGET_NAME)";
			};
			name = Release;
		};
		2B9976341CB216C000DB779D /* Debug */ = {
			isa = XCBuildConfiguration;
			buildSettings = {
				BUNDLE_LOADER = "$(TEST_HOST)";
				INFOPLIST_FILE = MemeMeJulzTests/Info.plist;
				LD_RUNPATH_SEARCH_PATHS = "$(inherited) @executable_path/Frameworks @loader_path/Frameworks";
				PRODUCT_BUNDLE_IDENTIFIER = com.julzelements.MemeMeJulzTests;
				PRODUCT_NAME = "$(TARGET_NAME)";
				TEST_HOST = "$(BUILT_PRODUCTS_DIR)/MemeMeJulz.app/MemeMeJulz";
			};
			name = Debug;
		};
		2B9976351CB216C000DB779D /* Release */ = {
			isa = XCBuildConfiguration;
			buildSettings = {
				BUNDLE_LOADER = "$(TEST_HOST)";
				INFOPLIST_FILE = MemeMeJulzTests/Info.plist;
				LD_RUNPATH_SEARCH_PATHS = "$(inherited) @executable_path/Frameworks @loader_path/Frameworks";
				PRODUCT_BUNDLE_IDENTIFIER = com.julzelements.MemeMeJulzTests;
				PRODUCT_NAME = "$(TARGET_NAME)";
				TEST_HOST = "$(BUILT_PRODUCTS_DIR)/MemeMeJulz.app/MemeMeJulz";
			};
			name = Release;
		};
/* End XCBuildConfiguration section */

/* Begin XCConfigurationList section */
		2B99760E1CB216C000DB779D /* Build configuration list for PBXProject "MemeMeJulz" */ = {
			isa = XCConfigurationList;
			buildConfigurations = (
				2B99762E1CB216C000DB779D /* Debug */,
				2B99762F1CB216C000DB779D /* Release */,
			);
			defaultConfigurationIsVisible = 0;
			defaultConfigurationName = Release;
		};
		2B9976301CB216C000DB779D /* Build configuration list for PBXNativeTarget "MemeMeJulz" */ = {
			isa = XCConfigurationList;
			buildConfigurations = (
				2B9976311CB216C000DB779D /* Debug */,
				2B9976321CB216C000DB779D /* Release */,
			);
			defaultConfigurationIsVisible = 0;
		};
		2B9976331CB216C000DB779D /* Build configuration list for PBXNativeTarget "MemeMeJulzTests" */ = {
			isa = XCConfigurationList;
			buildConfigurations = (
				2B9976341CB216C000DB779D /* Debug */,
				2B9976351CB216C000DB779D /* Release */,
			);
			defaultConfigurationIsVisible = 0;
		};
/* End XCConfigurationList section */
	};
	rootObject = 2B99760B1CB216C000DB779D /* Project object */;
}
